{
  "nodes": {
    "home-manager": {
      "inputs": {
        "nixpkgs": [
          "nixpkgs"
        ]
      },
      "locked": {
        "lastModified": 1791465139,
        "narHash": "sha256-hXTjOf2VQDXrNt4aU9rmNhc0qdOhnjy9FcA4tlPEdq8=",
        "owner": "nix-community",
        "repo": "home-manager",
        "rev": "678e6c11cd5d24226087dc758d17f705c7c4106a",
        "type": "github"
      },
      "original": {
        "owner": "nix-community",
        "repo": "home-manager",
        "type": "github"
      }
    },
    "nixpkgs": {
      "locked": {
        "lastModified": 1791456040,
        "narHash": "sha256-H83yz/do+hjOO0uujHyH8RgtIQP2v7Mw+cLwcZK/xKc=",
        "owner": "NixOS",
        "repo": "nixpkgs",
        "rev": "e7439b6b14ad3cc35d05608ebca9bce01a25f5f8",
        "type": "github"
      },
      "original": {
        "owner": "NixOS",
        "ref": "nixos-unstable",
        "repo": "nixpkgs",
        "type": "github"
      }
    },
    "root": {
      "inputs": {
        "home-manager": "home-manager",
        "nixpkgs": "nixpkgs",
        "yazi-flavors": "yazi-flavors"
      }
    },
    "yazi-flavors": {
      "flake": false,
      "locked": {
        "lastModified": 1790697555,
        "narHash": "sha256-E1OUF1+mT0V3crVxkewG2Y7hRu8fO+0oRl6NlINmw+o=",
        "owner": "yazi-rs",
        "repo": "flavors",
        "rev": "1183892c904f7f0efdf4473e856ed308b7bea98d",
        "type": "github"
      },
      "original": {
        "owner": "yazi-rs",
        "repo": "flavors",
        "type": "github"
      }
    }
  },
  "root": "root",
  "version": 7
}
